// !$*UTF8*$!
{
	archiveVersion = 1;
	classes = {
	};
	objectVersion = 77;
	objects = {

/* Begin PBXBuildFile section */
		3B3967161E833CAA004F5970 /* AppFrameworkInfo.plist in Resources */ = {isa = PBXBuildFile; fileRef = 3B3967151E833CAA004F5970 /* AppFrameworkInfo.plist */; };
		8747A27A59D123AF511C9C4E /* Pods_Runner.framework in Frameworks */ = {isa = PBXBuildFile; fileRef = CDDE4588F41511EE395E725C /* Pods_Runner.framework */; };
		AE69524F2E2DF130009D5DDF /* AppConst.swift in Sources */ = {isa = PBXBuildFile; fileRef = AE69521F2E2DF130009D5DDF /* AppConst.swift */; };
		AE6952502E2DF130009D5DDF /* UIApplication+Extension.swift in Sources */ = {isa = PBXBuildFile; fileRef = AE6952202E2DF130009D5DDF /* UIApplication+Extension.swift */; };
		AE6952512E2DF130009D5DDF /* UIColor+Extension.swift in Sources */ = {isa = PBXBuildFile; fileRef = AE6952212E2DF130009D5DDF /* UIColor+Extension.swift */; };
		AE6952522E2DF130009D5DDF /* UIImage+Extension.swift in Sources */ = {isa = PBXBuildFile; fileRef = AE6952222E2DF130009D5DDF /* UIImage+Extension.swift */; };
		AE6952532E2DF130009D5DDF /* UserProfile+Cache.swift in Sources */ = {isa = PBXBuildFile; fileRef = AE6952232E2DF130009D5DDF /* UserProfile+Cache.swift */; };
		AE6952542E2DF130009D5DDF /* AboutViewController.swift in Sources */ = {isa = PBXBuildFile; fileRef = AE6952252E2DF130009D5DDF /* AboutViewController.swift */; };
		AE6952552E2DF130009D5DDF /* AddViewController.swift in Sources */ = {isa = PBXBuildFile; fileRef = AE6952262E2DF130009D5DDF /* AddViewController.swift */; };
		AE6952562E2DF130009D5DDF /* ChatListViewController.swift in Sources */ = {isa = PBXBuildFile; fileRef = AE6952272E2DF130009D5DDF /* ChatListViewController.swift */; };
		AE6952572E2DF130009D5DDF /* ChatMessageDBManager.swift in Sources */ = {isa = PBXBuildFile; fileRef = AE6952282E2DF130009D5DDF /* ChatMessageDBManager.swift */; };
		AE6952582E2DF130009D5DDF /* ChatViewController.swift in Sources */ = {isa = PBXBuildFile; fileRef = AE6952292E2DF130009D5DDF /* ChatViewController.swift */; };
		AE6952592E2DF130009D5DDF /* EditProfileViewController.swift in Sources */ = {isa = PBXBuildFile; fileRef = AE69522A2E2DF130009D5DDF /* EditProfileViewController.swift */; };
		AE69525A2E2DF130009D5DDF /* HomeViewController.swift in Sources */ = {isa = PBXBuildFile; fileRef = AE69522B2E2DF130009D5DDF /* HomeViewController.swift */; };
		AE69525B2E2DF130009D5DDF /* LoginViewController.swift in Sources */ = {isa = PBXBuildFile; fileRef = AE69522C2E2DF130009D5DDF /* LoginViewController.swift */; };
		AE69525C2E2DF130009D5DDF /* MeViewController.swift in Sources */ = {isa = PBXBuildFile; fileRef = AE69522D2E2DF130009D5DDF /* MeViewController.swift */; };
		AE69525D2E2DF130009D5DDF /* PetDetailViewController.swift in Sources */ = {isa = PBXBuildFile; fileRef = AE69522E2E2DF130009D5DDF /* PetDetailViewController.swift */; };
		AE69525E2E2DF130009D5DDF /* PhotoPreviewController.swift in Sources */ = {isa = PBXBuildFile; fileRef = AE69522F2E2DF130009D5DDF /* PhotoPreviewController.swift */; };
		AE69525F2E2DF130009D5DDF /* PrivacyAgreementViewController.swift in Sources */ = {isa = PBXBuildFile; fileRef = AE6952302E2DF130009D5DDF /* PrivacyAgreementViewController.swift */; };
		AE6952602E2DF130009D5DDF /* ReportViewController.swift in Sources */ = {isa = PBXBuildFile; fileRef = AE6952312E2DF130009D5DDF /* ReportViewController.swift */; };
		AE6952612E2DF130009D5DDF /* SearchViewController.swift in Sources */ = {isa = PBXBuildFile; fileRef = AE6952322E2DF130009D5DDF /* SearchViewController.swift */; };
		AE6952622E2DF130009D5DDF /* UserAgreementViewController.swift in Sources */ = {isa = PBXBuildFile; fileRef = AE6952332E2DF130009D5DDF /* UserAgreementViewController.swift */; };
		AE6952632E2DF130009D5DDF /* VideoCallViewController.swift in Sources */ = {isa = PBXBuildFile; fileRef = AE6952342E2DF130009D5DDF /* VideoCallViewController.swift */; };
		AE6952642E2DF130009D5DDF /* AppRunManager.swift in Sources */ = {isa = PBXBuildFile; fileRef = AE6952362E2DF130009D5DDF /* AppRunManager.swift */; };
		AE6952652E2DF130009D5DDF /* PetProfile.swift in Sources */ = {isa = PBXBuildFile; fileRef = AE6952382E2DF130009D5DDF /* PetProfile.swift */; };
		AE6952662E2DF130009D5DDF /* PetsModel.swift in Sources */ = {isa = PBXBuildFile; fileRef = AE6952392E2DF130009D5DDF /* PetsModel.swift */; };
		AE6952672E2DF130009D5DDF /* CustomNavigationController.swift in Sources */ = {isa = PBXBuildFile; fileRef = AE6952402E2DF130009D5DDF /* CustomNavigationController.swift */; };
		AE6952682E2DF130009D5DDF /* CustomTabBarController.swift in Sources */ = {isa = PBXBuildFile; fileRef = AE6952412E2DF130009D5DDF /* CustomTabBarController.swift */; };
		AE6952692E2DF130009D5DDF /* PetInfoTableViewCell.swift in Sources */ = {isa = PBXBuildFile; fileRef = AE6952432E2DF130009D5DDF /* PetInfoTableViewCell.swift */; };
		AE69526A2E2DF130009D5DDF /* AppDelegate.swift in Sources */ = {isa = PBXBuildFile; fileRef = AE6952452E2DF130009D5DDF /* AppDelegate.swift */; };
		AE69526B2E2DF130009D5DDF /* GeneratedPluginRegistrant.m in Sources */ = {isa = PBXBuildFile; fileRef = AE6952472E2DF130009D5DDF /* GeneratedPluginRegistrant.m */; };
		AE69526C2E2DF130009D5DDF /* Assets.xcassets in Resources */ = {isa = PBXBuildFile; fileRef = AE69523B2E2DF130009D5DDF /* Assets.xcassets */; };
		AE69526D2E2DF130009D5DDF /* callingVoip.mp3 in Resources */ = {isa = PBXBuildFile; fileRef = AE69523C2E2DF130009D5DDF /* callingVoip.mp3 */; };
		AE69526E2E2DF130009D5DDF /* Recommend.geojson in Resources */ = {isa = PBXBuildFile; fileRef = AE69523D2E2DF130009D5DDF /* Recommend.geojson */; };
		AE69526F2E2DF130009D5DDF /* RunnerBundle.bundle in Resources */ = {isa = PBXBuildFile; fileRef = AE69523E2E2DF130009D5DDF /* RunnerBundle.bundle */; };
		AE6952712E2DF130009D5DDF /* LaunchScreen.storyboard in Resources */ = {isa = PBXBuildFile; fileRef = AE69524A2E2DF130009D5DDF /* LaunchScreen.storyboard */; };
		AE6952722E2DF130009D5DDF /* Main.storyboard in Resources */ = {isa = PBXBuildFile; fileRef = AE69524C2E2DF130009D5DDF /* Main.storyboard */; };
		AE6952782E2F218A009D5DDF /* PrivacyInfo.xcprivacy in Resources */ = {isa = PBXBuildFile; fileRef = AE6952772E2F218A009D5DDF /* PrivacyInfo.xcprivacy */; };
/* End PBXBuildFile section */

/* Begin PBXCopyFilesBuildPhase section */
		9705A1C41CF9048500538489 /* Embed Frameworks */ = {
			isa = PBXCopyFilesBuildPhase;
			buildActionMask = 2147483647;
			dstPath = "";
			dstSubfolderSpec = 10;
			files = (
			);
			name = "Embed Frameworks";
			runOnlyForDeploymentPostprocessing = 0;
		};
/* End PBXCopyFilesBuildPhase section */

/* Begin PBXFileReference section */
		331C807B294A618700263BE5 /* RunnerTests.swift */ = {isa = PBXFileReference; lastKnownFileType = sourcecode.swift; path = RunnerTests.swift; sourceTree = "<group>"; };
		3B3967151E833CAA004F5970 /* AppFrameworkInfo.plist */ = {isa = PBXFileReference; fileEncoding = 4; lastKnownFileType = text.plist.xml; name = AppFrameworkInfo.plist; path = Flutter/AppFrameworkInfo.plist; sourceTree = "<group>"; };
		7AFA3C8E1D35360C0083082E /* Release.xcconfig */ = {isa = PBXFileReference; lastKnownFileType = text.xcconfig; name = Release.xcconfig; path = Flutter/Release.xcconfig; sourceTree = "<group>"; };
		9740EEB21CF90195004384FC /* Debug.xcconfig */ = {isa = PBXFileReference; fileEncoding = 4; lastKnownFileType = text.xcconfig; name = Debug.xcconfig; path = Flutter/Debug.xcconfig; sourceTree = "<group>"; };
		9740EEB31CF90195004384FC /* Generated.xcconfig */ = {isa = PBXFileReference; fileEncoding = 4; lastKnownFileType = text.xcconfig; name = Generated.xcconfig; path = Flutter/Generated.xcconfig; sourceTree = "<group>"; };
		97C146EE1CF9000F007C117D /* Runner.app */ = {isa = PBXFileReference; explicitFileType = wrapper.application; includeInIndex = 0; path = Runner.app; sourceTree = BUILT_PRODUCTS_DIR; };
		9F3B54F8F8C677B50BD8DD36 /* Pods-Runner.release.xcconfig */ = {isa = PBXFileReference; includeInIndex = 1; lastKnownFileType = text.xcconfig; name = "Pods-Runner.release.xcconfig"; path = "Target Support Files/Pods-Runner/Pods-Runner.release.xcconfig"; sourceTree = "<group>"; };
		AE69521F2E2DF130009D5DDF /* AppConst.swift */ = {isa = PBXFileReference; lastKnownFileType = sourcecode.swift; path = AppConst.swift; sourceTree = "<group>"; };
		AE6952202E2DF130009D5DDF /* UIApplication+Extension.swift */ = {isa = PBXFileReference; lastKnownFileType = sourcecode.swift; path = "UIApplication+Extension.swift"; sourceTree = "<group>"; };
		AE6952212E2DF130009D5DDF /* UIColor+Extension.swift */ = {isa = PBXFileReference; lastKnownFileType = sourcecode.swift; path = "UIColor+Extension.swift"; sourceTree = "<group>"; };
		AE6952222E2DF130009D5DDF /* UIImage+Extension.swift */ = {isa = PBXFileReference; lastKnownFileType = sourcecode.swift; path = "UIImage+Extension.swift"; sourceTree = "<group>"; };
		AE6952232E2DF130009D5DDF /* UserProfile+Cache.swift */ = {isa = PBXFileReference; lastKnownFileType = sourcecode.swift; path = "UserProfile+Cache.swift"; sourceTree = "<group>"; };
		AE6952252E2DF130009D5DDF /* AboutViewController.swift */ = {isa = PBXFileReference; lastKnownFileType = sourcecode.swift; path = AboutViewController.swift; sourceTree = "<group>"; };
		AE6952262E2DF130009D5DDF /* AddViewController.swift */ = {isa = PBXFileReference; lastKnownFileType = sourcecode.swift; path = AddViewController.swift; sourceTree = "<group>"; };
		AE6952272E2DF130009D5DDF /* ChatListViewController.swift */ = {isa = PBXFileReference; lastKnownFileType = sourcecode.swift; path = ChatListViewController.swift; sourceTree = "<group>"; };
		AE6952282E2DF130009D5DDF /* ChatMessageDBManager.swift */ = {isa = PBXFileReference; lastKnownFileType = sourcecode.swift; path = ChatMessageDBManager.swift; sourceTree = "<group>"; };
		AE6952292E2DF130009D5DDF /* ChatViewController.swift */ = {isa = PBXFileReference; lastKnownFileType = sourcecode.swift; path = ChatViewController.swift; sourceTree = "<group>"; };
		AE69522A2E2DF130009D5DDF /* EditProfileViewController.swift */ = {isa = PBXFileReference; lastKnownFileType = sourcecode.swift; path = EditProfileViewController.swift; sourceTree = "<group>"; };
		AE69522B2E2DF130009D5DDF /* HomeViewController.swift */ = {isa = PBXFileReference; lastKnownFileType = sourcecode.swift; path = HomeViewController.swift; sourceTree = "<group>"; };
		AE69522C2E2DF130009D5DDF /* LoginViewController.swift */ = {isa = PBXFileReference; lastKnownFileType = sourcecode.swift; path = LoginViewController.swift; sourceTree = "<group>"; };
		AE69522D2E2DF130009D5DDF /* MeViewController.swift */ = {isa = PBXFileReference; lastKnownFileType = sourcecode.swift; path = MeViewController.swift; sourceTree = "<group>"; };
		AE69522E2E2DF130009D5DDF /* PetDetailViewController.swift */ = {isa = PBXFileReference; lastKnownFileType = sourcecode.swift; path = PetDetailViewController.swift; sourceTree = "<group>"; };
		AE69522F2E2DF130009D5DDF /* PhotoPreviewController.swift */ = {isa = PBXFileReference; lastKnownFileType = sourcecode.swift; path = PhotoPreviewController.swift; sourceTree = "<group>"; };
		AE6952302E2DF130009D5DDF /* PrivacyAgreementViewController.swift */ = {isa = PBXFileReference; lastKnownFileType = sourcecode.swift; path = PrivacyAgreementViewController.swift; sourceTree = "<group>"; };
		AE6952312E2DF130009D5DDF /* ReportViewController.swift */ = {isa = PBXFileReference; lastKnownFileType = sourcecode.swift; path = ReportViewController.swift; sourceTree = "<group>"; };
		AE6952322E2DF130009D5DDF /* SearchViewController.swift */ = {isa = PBXFileReference; lastKnownFileType = sourcecode.swift; path = SearchViewController.swift; sourceTree = "<group>"; };
		AE6952332E2DF130009D5DDF /* UserAgreementViewController.swift */ = {isa = PBXFileReference; lastKnownFileType = sourcecode.swift; path = UserAgreementViewController.swift; sourceTree = "<group>"; };
		AE6952342E2DF130009D5DDF /* VideoCallViewController.swift */ = {isa = PBXFileReference; lastKnownFileType = sourcecode.swift; path = VideoCallViewController.swift; sourceTree = "<group>"; };
		AE6952362E2DF130009D5DDF /* AppRunManager.swift */ = {isa = PBXFileReference; lastKnownFileType = sourcecode.swift; path = AppRunManager.swift; sourceTree = "<group>"; };
		AE6952382E2DF130009D5DDF /* PetProfile.swift */ = {isa = PBXFileReference; lastKnownFileType = sourcecode.swift; path = PetProfile.swift; sourceTree = "<group>"; };
		AE6952392E2DF130009D5DDF /* PetsModel.swift */ = {isa = PBXFileReference; lastKnownFileType = sourcecode.swift; path = PetsModel.swift; sourceTree = "<group>"; };
		AE69523B2E2DF130009D5DDF /* Assets.xcassets */ = {isa = PBXFileReference; lastKnownFileType = folder.assetcatalog; path = Assets.xcassets; sourceTree = "<group>"; };
		AE69523C2E2DF130009D5DDF /* callingVoip.mp3 */ = {isa = PBXFileReference; lastKnownFileType = audio.mp3; path = callingVoip.mp3; sourceTree = "<group>"; };
		AE69523D2E2DF130009D5DDF /* Recommend.geojson */ = {isa = PBXFileReference; lastKnownFileType = text; path = Recommend.geojson; sourceTree = "<group>"; };
		AE69523E2E2DF130009D5DDF /* RunnerBundle.bundle */ = {isa = PBXFileReference; lastKnownFileType = "wrapper.plug-in"; path = RunnerBundle.bundle; sourceTree = "<group>"; };
		AE6952402E2DF130009D5DDF /* CustomNavigationController.swift */ = {isa = PBXFileReference; lastKnownFileType = sourcecode.swift; path = CustomNavigationController.swift; sourceTree = "<group>"; };
		AE6952412E2DF130009D5DDF /* CustomTabBarController.swift */ = {isa = PBXFileReference; lastKnownFileType = sourcecode.swift; path = CustomTabBarController.swift; sourceTree = "<group>"; };
		AE6952432E2DF130009D5DDF /* PetInfoTableViewCell.swift */ = {isa = PBXFileReference; lastKnownFileType = sourcecode.swift; path = PetInfoTableViewCell.swift; sourceTree = "<group>"; };
		AE6952452E2DF130009D5DDF /* AppDelegate.swift */ = {isa = PBXFileReference; lastKnownFileType = sourcecode.swift; path = AppDelegate.swift; sourceTree = "<group>"; };
		AE6952462E2DF130009D5DDF /* GeneratedPluginRegistrant.h */ = {isa = PBXFileReference; lastKnownFileType = sourcecode.c.h; path = GeneratedPluginRegistrant.h; sourceTree = "<group>"; };
		AE6952472E2DF130009D5DDF /* GeneratedPluginRegistrant.m */ = {isa = PBXFileReference; lastKnownFileType = sourcecode.c.objc; path = GeneratedPluginRegistrant.m; sourceTree = "<group>"; };
		AE6952482E2DF130009D5DDF /* Info.plist */ = {isa = PBXFileReference; lastKnownFileType = text.plist.xml; path = Info.plist; sourceTree = "<group>"; };
		AE6952492E2DF130009D5DDF /* Base */ = {isa = PBXFileReference; lastKnownFileType = file.storyboard; name = Base; path = Base.lproj/LaunchScreen.storyboard; sourceTree = "<group>"; };
		AE69524B2E2DF130009D5DDF /* Base */ = {isa = PBXFileReference; lastKnownFileType = file.storyboard; name = Base; path = Base.lproj/Main.storyboard; sourceTree = "<group>"; };
		AE69524D2E2DF130009D5DDF /* Runner-Bridging-Header.h */ = {isa = PBXFileReference; lastKnownFileType = sourcecode.c.h; path = "Runner-Bridging-Header.h"; sourceTree = "<group>"; };
		AE6952772E2F218A009D5DDF /* PrivacyInfo.xcprivacy */ = {isa = PBXFileReference; lastKnownFileType = text.xml; path = PrivacyInfo.xcprivacy; sourceTree = "<group>"; };
		BB76A96E5D2F5D84B4AF1143 /* Pods-Runner.debug.xcconfig */ = {isa = PBXFileReference; includeInIndex = 1; lastKnownFileType = text.xcconfig; name = "Pods-Runner.debug.xcconfig"; path = "Target Support Files/Pods-Runner/Pods-Runner.debug.xcconfig"; sourceTree = "<group>"; };
		C476339A5B6E4B4DCF1ED169 /* Pods-Runner.profile.xcconfig */ = {isa = PBXFileReference; includeInIndex = 1; lastKnownFileType = text.xcconfig; name = "Pods-Runner.profile.xcconfig"; path = "Target Support Files/Pods-Runner/Pods-Runner.profile.xcconfig"; sourceTree = "<group>"; };
		CDDE4588F41511EE395E725C /* Pods_Runner.framework */ = {isa = PBXFileReference; explicitFileType = wrapper.framework; includeInIndex = 0; path = Pods_Runner.framework; sourceTree = BUILT_PRODUCTS_DIR; };
/* End PBXFileReference section */

/* Begin PBXFrameworksBuildPhase section */
		97C146EB1CF9000F007C117D /* Frameworks */ = {
			isa = PBXFrameworksBuildPhase;
			buildActionMask = 2147483647;
			files = (
				8747A27A59D123AF511C9C4E /* Pods_Runner.framework in Frameworks */,
			);
			runOnlyForDeploymentPostprocessing = 0;
		};
/* End PBXFrameworksBuildPhase section */

/* Begin PBXGroup section */
		331C8082294A63A400263BE5 /* RunnerTests */ = {
			isa = PBXGroup;
			children = (
				331C807B294A618700263BE5 /* RunnerTests.swift */,
			);
			path = RunnerTests;
			sourceTree = "<group>";
		};
		8E1CE4F49F4F71BBBC9F953E /* Pods */ = {
			isa = PBXGroup;
			children = (
				BB76A96E5D2F5D84B4AF1143 /* Pods-Runner.debug.xcconfig */,
				9F3B54F8F8C677B50BD8DD36 /* Pods-Runner.release.xcconfig */,
				C476339A5B6E4B4DCF1ED169 /* Pods-Runner.profile.xcconfig */,
			);
			path = Pods;
			sourceTree = "<group>";
		};
		9740EEB11CF90186004384FC /* Flutter */ = {
			isa = PBXGroup;
			children = (
				3B3967151E833CAA004F5970 /* AppFrameworkInfo.plist */,
				9740EEB21CF90195004384FC /* Debug.xcconfig */,
				7AFA3C8E1D35360C0083082E /* Release.xcconfig */,
				9740EEB31CF90195004384FC /* Generated.xcconfig */,
			);
			name = Flutter;
			sourceTree = "<group>";
		};
		97C146E51CF9000F007C117D = {
			isa = PBXGroup;
			children = (
				9740EEB11CF90186004384FC /* Flutter */,
				AE69524E2E2DF130009D5DDF /* Runner */,
				97C146EF1CF9000F007C117D /* Products */,
				331C8082294A63A400263BE5 /* RunnerTests */,
				8E1CE4F49F4F71BBBC9F953E /* Pods */,
				DDD4FBDF81A951B700806AE3 /* Frameworks */,
			);
			sourceTree = "<group>";
		};
		97C146EF1CF9000F007C117D /* Products */ = {
			isa = PBXGroup;
			children = (
				97C146EE1CF9000F007C117D /* Runner.app */,
			);
			name = Products;
			sourceTree = "<group>";
		};
		AE6952242E2DF130009D5DDF /* Const */ = {
			isa = PBXGroup;
			children = (
				AE69521F2E2DF130009D5DDF /* AppConst.swift */,
				AE6952202E2DF130009D5DDF /* UIApplication+Extension.swift */,
				AE6952212E2DF130009D5DDF /* UIColor+Extension.swift */,
				AE6952222E2DF130009D5DDF /* UIImage+Extension.swift */,
				AE6952232E2DF130009D5DDF /* UserProfile+Cache.swift */,
			);
			path = Const;
			sourceTree = "<group>";
		};
		AE6952352E2DF130009D5DDF /* Controller */ = {
			isa = PBXGroup;
			children = (
				AE6952252E2DF130009D5DDF /* AboutViewController.swift */,
				AE6952262E2DF130009D5DDF /* AddViewController.swift */,
				AE6952272E2DF130009D5DDF /* ChatListViewController.swift */,
				AE6952282E2DF130009D5DDF /* ChatMessageDBManager.swift */,
				AE6952292E2DF130009D5DDF /* ChatViewController.swift */,
				AE69522A2E2DF130009D5DDF /* EditProfileViewController.swift */,
				AE69522B2E2DF130009D5DDF /* HomeViewController.swift */,
				AE69522C2E2DF130009D5DDF /* LoginViewController.swift */,
				AE69522D2E2DF130009D5DDF /* MeViewController.swift */,
				AE69522E2E2DF130009D5DDF /* PetDetailViewController.swift */,
				AE69522F2E2DF130009D5DDF /* PhotoPreviewController.swift */,
				AE6952302E2DF130009D5DDF /* PrivacyAgreementViewController.swift */,
				AE6952312E2DF130009D5DDF /* ReportViewController.swift */,
				AE6952322E2DF130009D5DDF /* SearchViewController.swift */,
				AE6952332E2DF130009D5DDF /* UserAgreementViewController.swift */,
				AE6952342E2DF130009D5DDF /* VideoCallViewController.swift */,
			);
			path = Controller;
			sourceTree = "<group>";
		};
		AE6952372E2DF130009D5DDF /* Gloab */ = {
			isa = PBXGroup;
			children = (
				AE6952362E2DF130009D5DDF /* AppRunManager.swift */,
			);
			path = Gloab;
			sourceTree = "<group>";
		};
		AE69523A2E2DF130009D5DDF /* Models */ = {
			isa = PBXGroup;
			children = (
				AE6952382E2DF130009D5DDF /* PetProfile.swift */,
				AE6952392E2DF130009D5DDF /* PetsModel.swift */,
			);
			path = Models;
			sourceTree = "<group>";
		};
		AE69523F2E2DF130009D5DDF /* Resource */ = {
			isa = PBXGroup;
			children = (
				AE69523B2E2DF130009D5DDF /* Assets.xcassets */,
				AE69523C2E2DF130009D5DDF /* callingVoip.mp3 */,
				AE69523D2E2DF130009D5DDF /* Recommend.geojson */,
				AE69523E2E2DF130009D5DDF /* RunnerBundle.bundle */,
			);
			path = Resource;
			sourceTree = "<group>";
		};
		AE6952422E2DF130009D5DDF /* TabBar */ = {
			isa = PBXGroup;
			children = (
				AE6952402E2DF130009D5DDF /* CustomNavigationController.swift */,
				AE6952412E2DF130009D5DDF /* CustomTabBarController.swift */,
			);
			path = TabBar;
			sourceTree = "<group>";
		};
		AE6952442E2DF130009D5DDF /* View */ = {
			isa = PBXGroup;
			children = (
				AE6952432E2DF130009D5DDF /* PetInfoTableViewCell.swift */,
			);
			path = View;
			sourceTree = "<group>";
		};
		AE69524E2E2DF130009D5DDF /* Runner */ = {
			isa = PBXGroup;
			children = (
				AE6952242E2DF130009D5DDF /* Const */,
				AE6952352E2DF130009D5DDF /* Controller */,
				AE6952372E2DF130009D5DDF /* Gloab */,
				AE69523A2E2DF130009D5DDF /* Models */,
				AE69523F2E2DF130009D5DDF /* Resource */,
				AE6952422E2DF130009D5DDF /* TabBar */,
				AE6952442E2DF130009D5DDF /* View */,
				AE6952452E2DF130009D5DDF /* AppDelegate.swift */,
				AE6952462E2DF130009D5DDF /* GeneratedPluginRegistrant.h */,
				AE6952472E2DF130009D5DDF /* GeneratedPluginRegistrant.m */,
				AE6952482E2DF130009D5DDF /* Info.plist */,
				AE69524A2E2DF130009D5DDF /* LaunchScreen.storyboard */,
				AE69524C2E2DF130009D5DDF /* Main.storyboard */,
				AE69524D2E2DF130009D5DDF /* Runner-Bridging-Header.h */,
				AE6952772E2F218A009D5DDF /* PrivacyInfo.xcprivacy */,
			);
			path = Runner;
			sourceTree = "<group>";
		};
		DDD4FBDF81A951B700806AE3 /* Frameworks */ = {
			isa = PBXGroup;
			children = (
				CDDE4588F41511EE395E725C /* Pods_Runner.framework */,
			);
			name = Frameworks;
			sourceTree = "<group>";
		};
/* End PBXGroup section */

/* Begin PBXNativeTarget section */
		97C146ED1CF9000F007C117D /* Runner */ = {
			isa = PBXNativeTarget;
			buildConfigurationList = 97C147051CF9000F007C117D /* Build configuration list for PBXNativeTarget "Runner" */;
			buildPhases = (
				D48EAA18228F7BFB0E48F3BC /* [CP] Check Pods Manifest.lock */,
				9740EEB61CF901F6004384FC /* Run Script */,
				97C146EA1CF9000F007C117D /* Sources */,
				97C146EB1CF9000F007C117D /* Frameworks */,
				97C146EC1CF9000F007C117D /* Resources */,
				9705A1C41CF9048500538489 /* Embed Frameworks */,
				3B06AD1E1E4923F5004D2608 /* Thin Binary */,
				37177B0B966C67A4C29F9476 /* [CP] Embed Pods Frameworks */,
			);
			buildRules = (
			);
			dependencies = (
			);
			name = Runner;
			productName = Runner;
			productReference = 97C146EE1CF9000F007C117D /* Runner.app */;
			productType = "com.apple.product-type.application";
		};
/* End PBXNativeTarget section */

/* Begin PBXProject section */
		97C146E61CF9000F007C117D /* Project object */ = {
			isa = PBXProject;
			attributes = {
				BuildIndependentTargetsInParallel = YES;
				LastUpgradeCheck = 1510;
				ORGANIZATIONNAME = "";
				TargetAttributes = {
					97C146ED1CF9000F007C117D = {
						CreatedOnToolsVersion = 7.3.1;
						LastSwiftMigration = 1100;
					};
				};
			};
			buildConfigurationList = 97C146E91CF9000F007C117D /* Build configuration list for PBXProject "Runner" */;
			developmentRegion = en;
			hasScannedForEncodings = 0;
			knownRegions = (
				en,
				Base,
			);
			mainGroup = 97C146E51CF9000F007C117D;
			preferredProjectObjectVersion = 77;
			productRefGroup = 97C146EF1CF9000F007C117D /* Products */;
			projectDirPath = "";
			projectRoot = "";
			targets = (
				97C146ED1CF9000F007C117D /* Runner */,
			);
		};
/* End PBXProject section */

/* Begin PBXResourcesBuildPhase section */
		97C146EC1CF9000F007C117D /* Resources */ = {
			isa = PBXResourcesBuildPhase;
			buildActionMask = 2147483647;
			files = (
				AE69526C2E2DF130009D5DDF /* Assets.xcassets in Resources */,
				AE69526D2E2DF130009D5DDF /* callingVoip.mp3 in Resources */,
				AE69526E2E2DF130009D5DDF /* Recommend.geojson in Resources */,
				AE69526F2E2DF130009D5DDF /* RunnerBundle.bundle in Resources */,
				AE6952712E2DF130009D5DDF /* LaunchScreen.storyboard in Resources */,
				AE6952722E2DF130009D5DDF /* Main.storyboard in Resources */,
				AE6952782E2F218A009D5DDF /* PrivacyInfo.xcprivacy in Resources */,
				3B3967161E833CAA004F5970 /* AppFrameworkInfo.plist in Resources */,
			);
			runOnlyForDeploymentPostprocessing = 0;
		};
/* End PBXResourcesBuildPhase section */

/* Begin PBXShellScriptBuildPhase section */
		37177B0B966C67A4C29F9476 /* [CP] Embed Pods Frameworks */ = {
			isa = PBXShellScriptBuildPhase;
			buildActionMask = 2147483647;
			files = (
			);
			inputFileListPaths = (
				"${PODS_ROOT}/Target Support Files/Pods-Runner/Pods-Runner-frameworks-${CONFIGURATION}-input-files.xcfilelist",
			);
			name = "[CP] Embed Pods Frameworks";
			outputFileListPaths = (
				"${PODS_ROOT}/Target Support Files/Pods-Runner/Pods-Runner-frameworks-${CONFIGURATION}-output-files.xcfilelist",
			);
			runOnlyForDeploymentPostprocessing = 0;
			shellPath = /bin/sh;
			shellScript = "\"${PODS_ROOT}/Target Support Files/Pods-Runner/Pods-Runner-frameworks.sh\"\n";
			showEnvVarsInLog = 0;
		};
		3B06AD1E1E4923F5004D2608 /* Thin Binary */ = {
			isa = PBXShellScriptBuildPhase;
			alwaysOutOfDate = 1;
			buildActionMask = 2147483647;
			files = (
			);
			inputPaths = (
				"${TARGET_BUILD_DIR}/${INFOPLIST_PATH}",
			);
			name = "Thin Binary";
			outputPaths = (
			);
			runOnlyForDeploymentPostprocessing = 0;
			shellPath = /bin/sh;
			shellScript = "/bin/sh \"$FLUTTER_ROOT/packages/flutter_tools/bin/xcode_backend.sh\" embed_and_thin";
		};
		9740EEB61CF901F6004384FC /* Run Script */ = {
			isa = PBXShellScriptBuildPhase;
			alwaysOutOfDate = 1;
			buildActionMask = 2147483647;
			files = (
			);
			inputPaths = (
			);
			name = "Run Script";
			outputPaths = (
			);
			runOnlyForDeploymentPostprocessing = 0;
			shellPath = /bin/sh;
			shellScript = "/bin/sh \"$FLUTTER_ROOT/packages/flutter_tools/bin/xcode_backend.sh\" build";
		};
		D48EAA18228F7BFB0E48F3BC /* [CP] Check Pods Manifest.lock */ = {
			isa = PBXShellScriptBuildPhase;
			buildActionMask = 2147483647;
			files = (
			);
			inputFileListPaths = (
			);
			inputPaths = (
				"${PODS_PODFILE_DIR_PATH}/Podfile.lock",
				"${PODS_ROOT}/Manifest.lock",
			);
			name = "[CP] Check Pods Manifest.lock";
			outputFileListPaths = (
			);
			outputPaths = (
				"$(DERIVED_FILE_DIR)/Pods-Runner-checkManifestLockResult.txt",
			);
			runOnlyForDeploymentPostprocessing = 0;
			shellPath = /bin/sh;
			shellScript = "diff \"${PODS_PODFILE_DIR_PATH}/Podfile.lock\" \"${PODS_ROOT}/Manifest.lock\" > /dev/null\nif [ $? != 0 ] ; then\n    # print error to STDERR\n    echo \"error: The sandbox is not in sync with the Podfile.lock. Run 'pod install' or update your CocoaPods installation.\" >&2\n    exit 1\nfi\n# This output is used by Xcode 'outputs' to avoid re-running this script phase.\necho \"SUCCESS\" > \"${SCRIPT_OUTPUT_FILE_0}\"\n";
			showEnvVarsInLog = 0;
		};
/* End PBXShellScriptBuildPhase section */

/* Begin PBXSourcesBuildPhase section */
		97C146EA1CF9000F007C117D /* Sources */ = {
			isa = PBXSourcesBuildPhase;
			buildActionMask = 2147483647;
			files = (
				AE69524F2E2DF130009D5DDF /* AppConst.swift in Sources */,
				AE6952502E2DF130009D5DDF /* UIApplication+Extension.swift in Sources */,
				AE6952512E2DF130009D5DDF /* UIColor+Extension.swift in Sources */,
				AE6952522E2DF130009D5DDF /* UIImage+Extension.swift in Sources */,
				AE6952532E2DF130009D5DDF /* UserProfile+Cache.swift in Sources */,
				AE6952542E2DF130009D5DDF /* AboutViewController.swift in Sources */,
				AE6952552E2DF130009D5DDF /* AddViewController.swift in Sources */,
				AE6952562E2DF130009D5DDF /* ChatListViewController.swift in Sources */,
				AE6952572E2DF130009D5DDF /* ChatMessageDBManager.swift in Sources */,
				AE6952582E2DF130009D5DDF /* ChatViewController.swift in Sources */,
				AE6952592E2DF130009D5DDF /* EditProfileViewController.swift in Sources */,
				AE69525A2E2DF130009D5DDF /* HomeViewController.swift in Sources */,
				AE69525B2E2DF130009D5DDF /* LoginViewController.swift in Sources */,
				AE69525C2E2DF130009D5DDF /* MeViewController.swift in Sources */,
				AE69525D2E2DF130009D5DDF /* PetDetailViewController.swift in Sources */,
				AE69525E2E2DF130009D5DDF /* PhotoPreviewController.swift in Sources */,
				AE69525F2E2DF130009D5DDF /* PrivacyAgreementViewController.swift in Sources */,
				AE6952602E2DF130009D5DDF /* ReportViewController.swift in Sources */,
				AE6952612E2DF130009D5DDF /* SearchViewController.swift in Sources */,
				AE6952622E2DF130009D5DDF /* UserAgreementViewController.swift in Sources */,
				AE6952632E2DF130009D5DDF /* VideoCallViewController.swift in Sources */,
				AE6952642E2DF130009D5DDF /* AppRunManager.swift in Sources */,
				AE6952652E2DF130009D5DDF /* PetProfile.swift in Sources */,
				AE6952662E2DF130009D5DDF /* PetsModel.swift in Sources */,
				AE6952672E2DF130009D5DDF /* CustomNavigationController.swift in Sources */,
				AE6952682E2DF130009D5DDF /* CustomTabBarController.swift in Sources */,
				AE6952692E2DF130009D5DDF /* PetInfoTableViewCell.swift in Sources */,
				AE69526A2E2DF130009D5DDF /* AppDelegate.swift in Sources */,
				AE69526B2E2DF130009D5DDF /* GeneratedPluginRegistrant.m in Sources */,
			);
			runOnlyForDeploymentPostprocessing = 0;
		};
/* End PBXSourcesBuildPhase section */

/* Begin PBXVariantGroup section */
		AE69524A2E2DF130009D5DDF /* LaunchScreen.storyboard */ = {
			isa = PBXVariantGroup;
			children = (
				AE6952492E2DF130009D5DDF /* Base */,
			);
			name = LaunchScreen.storyboard;
			sourceTree = "<group>";
		};
		AE69524C2E2DF130009D5DDF /* Main.storyboard */ = {
			isa = PBXVariantGroup;
			children = (
				AE69524B2E2DF130009D5DDF /* Base */,
			);
			name = Main.storyboard;
			sourceTree = "<group>";
		};
/* End PBXVariantGroup section */

/* Begin XCBuildConfiguration section */
		249021D3217E4FDB00AE95B9 /* Profile */ = {
			isa = XCBuildConfiguration;
			buildSettings = {
				ALWAYS_SEARCH_USER_PATHS = NO;
				ASSETCATALOG_COMPILER_GENERATE_SWIFT_ASSET_SYMBOL_EXTENSIONS = YES;
				CLANG_ANALYZER_NONNULL = YES;
				CLANG_CXX_LANGUAGE_STANDARD = "gnu++0x";
				CLANG_CXX_LIBRARY = "libc++";
				CLANG_ENABLE_MODULES = YES;
				CLANG_ENABLE_OBJC_ARC = YES;
				CLANG_WARN_BLOCK_CAPTURE_AUTORELEASING = YES;
				CLANG_WARN_BOOL_CONVERSION = YES;
				CLANG_WARN_COMMA = YES;
				CLANG_WARN_CONSTANT_CONVERSION = YES;
				CLANG_WARN_DEPRECATED_OBJC_IMPLEMENTATIONS = YES;
				CLANG_WARN_DIRECT_OBJC_ISA_USAGE = YES_ERROR;
				CLANG_WARN_EMPTY_BODY = YES;
				CLANG_WARN_ENUM_CONVERSION = YES;
				CLANG_WARN_INFINITE_RECURSION = YES;
				CLANG_WARN_INT_CONVERSION = YES;
				CLANG_WARN_NON_LITERAL_NULL_CONVERSION = YES;
				CLANG_WARN_OBJC_IMPLICIT_RETAIN_SELF = YES;
				CLANG_WARN_OBJC_LITERAL_CONVERSION = YES;
				CLANG_WARN_OBJC_ROOT_CLASS = YES_ERROR;
				CLANG_WARN_RANGE_LOOP_ANALYSIS = YES;
				CLANG_WARN_STRICT_PROTOTYPES = YES;
				CLANG_WARN_SUSPICIOUS_MOVE = YES;
				CLANG_WARN_UNREACHABLE_CODE = YES;
				CLANG_WARN__DUPLICATE_METHOD_MATCH = YES;
				"CODE_SIGN_IDENTITY[sdk=iphoneos*]" = "iPhone Developer";
				COPY_PHASE_STRIP = NO;
				DEBUG_INFORMATION_FORMAT = "dwarf-with-dsym";
				ENABLE_NS_ASSERTIONS = NO;
				ENABLE_STRICT_OBJC_MSGSEND = YES;
				ENABLE_USER_SCRIPT_SANDBOXING = NO;
				GCC_C_LANGUAGE_STANDARD = gnu99;
				GCC_NO_COMMON_BLOCKS = YES;
				GCC_WARN_64_TO_32_BIT_CONVERSION = YES;
				GCC_WARN_ABOUT_RETURN_TYPE = YES_ERROR;
				GCC_WARN_UNDECLARED_SELECTOR = YES;
				GCC_WARN_UNINITIALIZED_AUTOS = YES_AGGRESSIVE;
				GCC_WARN_UNUSED_FUNCTION = YES;
				GCC_WARN_UNUSED_VARIABLE = YES;
				IPHONEOS_DEPLOYMENT_TARGET = 12.0;
				MTL_ENABLE_DEBUG_INFO = NO;
				SDKROOT = iphoneos;
				SUPPORTED_PLATFORMS = iphoneos;
				TARGETED_DEVICE_FAMILY = "1,2";
				VALIDATE_PRODUCT = YES;
			};
			name = Profile;
		};
		249021D4217E4FDB00AE95B9 /* Profile */ = {
			isa = XCBuildConfiguration;
			baseConfigurationReference = 7AFA3C8E1D35360C0083082E /* Release.xcconfig */;
			buildSettings = {
				ASSETCATALOG_COMPILER_APPICON_NAME = AppIcon;
				CLANG_ENABLE_MODULES = YES;
				CODE_SIGN_STYLE = Manual;
				CURRENT_PROJECT_VERSION = 7;
				DEVELOPMENT_TEAM = "";
				"DEVELOPMENT_TEAM[sdk=iphoneos*]" = 6797V5F242;
				ENABLE_BITCODE = NO;
				FLUTTER_APPLICATION_PATH = /Users/runner/work/petsfriend/petsfriend;
				FLUTTER_ROOT = "/Users/runner/hostedtoolcache/flutter/3.32.7-stable/arm64";
				INFOPLIST_FILE = Runner/Info.plist;
				IPHONEOS_DEPLOYMENT_TARGET = 13.0;
				LD_RUNPATH_SEARCH_PATHS = (
					"$(inherited)",
					"@executable_path/Frameworks",
				);
				MARKETING_VERSION = 1.0.0;
				PRODUCT_BUNDLE_IDENTIFIER = com.huanyou.chungs;
				PRODUCT_NAME = "$(TARGET_NAME)";
				PROVISIONING_PROFILE_SPECIFIER = yuanhui_dis;
				"PROVISIONING_PROFILE_SPECIFIER[sdk=iphoneos*]" = yuanhui_dis;
				SUPPORTED_PLATFORMS = "iphoneos iphonesimulator";
				SUPPORTS_MACCATALYST = NO;
				SUPPORTS_MAC_DESIGNED_FOR_IPHONE_IPAD = NO;
				SUPPORTS_XR_DESIGNED_FOR_IPHONE_IPAD = NO;
				SWIFT_OBJC_BRIDGING_HEADER = "Runner/Runner-Bridging-Header.h";
				SWIFT_VERSION = 5.0;
				TARGETED_DEVICE_FAMILY = 1;
				VERSIONING_SYSTEM = "apple-generic";
			};
			name = Profile;
		};
		97C147031CF9000F007C117D /* Debug */ = {
			isa = XCBuildConfiguration;
			buildSettings = {
				ALWAYS_SEARCH_USER_PATHS = NO;
				ASSETCATALOG_COMPILER_GENERATE_SWIFT_ASSET_SYMBOL_EXTENSIONS = YES;
				CLANG_ANALYZER_NONNULL = YES;
				CLANG_CXX_LANGUAGE_STANDARD = "gnu++0x";
				CLANG_CXX_LIBRARY = "libc++";
				CLANG_ENABLE_MODULES = YES;
				CLANG_ENABLE_OBJC_ARC = YES;
				CLANG_WARN_BLOCK_CAPTURE_AUTORELEASING = YES;
				CLANG_WARN_BOOL_CONVERSION = YES;
				CLANG_WARN_COMMA = YES;
				CLANG_WARN_CONSTANT_CONVERSION = YES;
				CLANG_WARN_DEPRECATED_OBJC_IMPLEMENTATIONS = YES;
				CLANG_WARN_DIRECT_OBJC_ISA_USAGE = YES_ERROR;
				CLANG_WARN_EMPTY_BODY = YES;
				CLANG_WARN_ENUM_CONVERSION = YES;
				CLANG_WARN_INFINITE_RECURSION = YES;
				CLANG_WARN_INT_CONVERSION = YES;
				CLANG_WARN_NON_LITERAL_NULL_CONVERSION = YES;
				CLANG_WARN_OBJC_IMPLICIT_RETAIN_SELF = YES;
				CLANG_WARN_OBJC_LITERAL_CONVERSION = YES;
				CLANG_WARN_OBJC_ROOT_CLASS = YES_ERROR;
				CLANG_WARN_RANGE_LOOP_ANALYSIS = YES;
				CLANG_WARN_STRICT_PROTOTYPES = YES;
				CLANG_WARN_SUSPICIOUS_MOVE = YES;
				CLANG_WARN_UNREACHABLE_CODE = YES;
				CLANG_WARN__DUPLICATE_METHOD_MATCH = YES;
				"CODE_SIGN_IDENTITY[sdk=iphoneos*]" = "iPhone Developer";
				COPY_PHASE_STRIP = NO;
				DEBUG_INFORMATION_FORMAT = dwarf;
				ENABLE_STRICT_OBJC_MSGSEND = YES;
				ENABLE_TESTABILITY = YES;
				ENABLE_USER_SCRIPT_SANDBOXING = NO;
				GCC_C_LANGUAGE_STANDARD = gnu99;
				GCC_DYNAMIC_NO_PIC = NO;
				GCC_NO_COMMON_BLOCKS = YES;
				GCC_OPTIMIZATION_LEVEL = 0;
				GCC_PREPROCESSOR_DEFINITIONS = (
					"DEBUG=1",
					"$(inherited)",
				);
				GCC_WARN_64_TO_32_BIT_CONVERSION = YES;
				GCC_WARN_ABOUT_RETURN_TYPE = YES_ERROR;
				GCC_WARN_UNDECLARED_SELECTOR = YES;
				GCC_WARN_UNINITIALIZED_AUTOS = YES_AGGRESSIVE;
				GCC_WARN_UNUSED_FUNCTION = YES;
				GCC_WARN_UNUSED_VARIABLE = YES;
				IPHONEOS_DEPLOYMENT_TARGET = 12.0;
				MTL_ENABLE_DEBUG_INFO = YES;
				ONLY_ACTIVE_ARCH = YES;
				SDKROOT = iphoneos;
				TARGETED_DEVICE_FAMILY = "1,2";
			};
			name = Debug;
		};
		97C147041CF9000F007C117D /* Release */ = {
			isa = XCBuildConfiguration;
			buildSettings = {
				ALWAYS_SEARCH_USER_PATHS = NO;
				ASSETCATALOG_COMPILER_GENERATE_SWIFT_ASSET_SYMBOL_EXTENSIONS = YES;
				CLANG_ANALYZER_NONNULL = YES;
				CLANG_CXX_LANGUAGE_STANDARD = "gnu++0x";
				CLANG_CXX_LIBRARY = "libc++";
				CLANG_ENABLE_MODULES = YES;
				CLANG_ENABLE_OBJC_ARC = YES;
				CLANG_WARN_BLOCK_CAPTURE_AUTORELEASING = YES;
				CLANG_WARN_BOOL_CONVERSION = YES;
				CLANG_WARN_COMMA = YES;
				CLANG_WARN_CONSTANT_CONVERSION = YES;
				CLANG_WARN_DEPRECATED_OBJC_IMPLEMENTATIONS = YES;
				CLANG_WARN_DIRECT_OBJC_ISA_USAGE = YES_ERROR;
				CLANG_WARN_EMPTY_BODY = YES;
				CLANG_WARN_ENUM_CONVERSION = YES;
				CLANG_WARN_INFINITE_RECURSION = YES;
				CLANG_WARN_INT_CONVERSION = YES;
				CLANG_WARN_NON_LITERAL_NULL_CONVERSION = YES;
				CLANG_WARN_OBJC_IMPLICIT_RETAIN_SELF = YES;
				CLANG_WARN_OBJC_LITERAL_CONVERSION = YES;
				CLANG_WARN_OBJC_ROOT_CLASS = YES_ERROR;
				CLANG_WARN_RANGE_LOOP_ANALYSIS = YES;
				CLANG_WARN_STRICT_PROTOTYPES = YES;
				CLANG_WARN_SUSPICIOUS_MOVE = YES;
				CLANG_WARN_UNREACHABLE_CODE = YES;
				CLANG_WARN__DUPLICATE_METHOD_MATCH = YES;
				"CODE_SIGN_IDENTITY[sdk=iphoneos*]" = "iPhone Developer";
				COPY_PHASE_STRIP = NO;
				DEBUG_INFORMATION_FORMAT = "dwarf-with-dsym";
				ENABLE_NS_ASSERTIONS = NO;
				ENABLE_STRICT_OBJC_MSGSEND = YES;
				ENABLE_USER_SCRIPT_SANDBOXING = NO;
				GCC_C_LANGUAGE_STANDARD = gnu99;
				GCC_NO_COMMON_BLOCKS = YES;
				GCC_WARN_64_TO_32_BIT_CONVERSION = YES;
				GCC_WARN_ABOUT_RETURN_TYPE = YES_ERROR;
				GCC_WARN_UNDECLARED_SELECTOR = YES;
				GCC_WARN_UNINITIALIZED_AUTOS = YES_AGGRESSIVE;
				GCC_WARN_UNUSED_FUNCTION = YES;
				GCC_WARN_UNUSED_VARIABLE = YES;
				IPHONEOS_DEPLOYMENT_TARGET = 12.0;
				MTL_ENABLE_DEBUG_INFO = NO;
				SDKROOT = iphoneos;
				SUPPORTED_PLATFORMS = iphoneos;
				SWIFT_COMPILATION_MODE = wholemodule;
				SWIFT_OPTIMIZATION_LEVEL = "-O";
				TARGETED_DEVICE_FAMILY = "1,2";
				VALIDATE_PRODUCT = YES;
			};
			name = Release;
		};
		97C147061CF9000F007C117D /* Debug */ = {
			isa = XCBuildConfiguration;
			baseConfigurationReference = 9740EEB21CF90195004384FC /* Debug.xcconfig */;
			buildSettings = {
				ASSETCATALOG_COMPILER_APPICON_NAME = AppIcon;
				CLANG_ENABLE_MODULES = YES;
				CODE_SIGN_STYLE = Manual;
				CURRENT_PROJECT_VERSION = 7;
				DEVELOPMENT_TEAM = "";
				"DEVELOPMENT_TEAM[sdk=iphoneos*]" = 6797V5F242;
				ENABLE_BITCODE = NO;
				FLUTTER_APPLICATION_PATH = /Users/runner/work/petsfriend/petsfriend;
				FLUTTER_ROOT = "/Users/runner/hostedtoolcache/flutter/3.32.7-stable/arm64";
				INFOPLIST_FILE = Runner/Info.plist;
				IPHONEOS_DEPLOYMENT_TARGET = 13.0;
				LD_RUNPATH_SEARCH_PATHS = (
					"$(inherited)",
					"@executable_path/Frameworks",
				);
				MARKETING_VERSION = 1.0.0;
				PRODUCT_BUNDLE_IDENTIFIER = com.huanyou.chungs;
				PRODUCT_NAME = "$(TARGET_NAME)";
				PROVISIONING_PROFILE_SPECIFIER = "";
				"PROVISIONING_PROFILE_SPECIFIER[sdk=iphoneos*]" = yuanhui_dis;
				SUPPORTED_PLATFORMS = "iphoneos iphonesimulator";
				SUPPORTS_MACCATALYST = NO;
				SUPPORTS_MAC_DESIGNED_FOR_IPHONE_IPAD = NO;
				SUPPORTS_XR_DESIGNED_FOR_IPHONE_IPAD = NO;
				SWIFT_OBJC_BRIDGING_HEADER = "Runner/Runner-Bridging-Header.h";
				SWIFT_OPTIMIZATION_LEVEL = "-Onone";
				SWIFT_VERSION = 5.0;
				TARGETED_DEVICE_FAMILY = 1;
				VERSIONING_SYSTEM = "apple-generic";
			};
			name = Debug;
		};
		97C147071CF9000F007C117D /* Release */ = {
			isa = XCBuildConfiguration;
			baseConfigurationReference = 7AFA3C8E1D35360C0083082E /* Release.xcconfig */;
			buildSettings = {
				ASSETCATALOG_COMPILER_APPICON_NAME = AppIcon;
				CLANG_ENABLE_MODULES = YES;
				"CODE_SIGN_IDENTITY[sdk=iphoneos*]" = "iPhone Distribution";
				CODE_SIGN_STYLE = Manual;
				CURRENT_PROJECT_VERSION = 7;
				DEVELOPMENT_TEAM = "";
				"DEVELOPMENT_TEAM[sdk=iphoneos*]" = 6797V5F242;
				ENABLE_BITCODE = NO;
				FLUTTER_APPLICATION_PATH = /Users/runner/work/petsfriend/petsfriend;
				FLUTTER_ROOT = "/Users/runner/hostedtoolcache/flutter/3.32.7-stable/arm64";
				INFOPLIST_FILE = Runner/Info.plist;
				IPHONEOS_DEPLOYMENT_TARGET = 13.0;
				LD_RUNPATH_SEARCH_PATHS = (
					"$(inherited)",
					"@executable_path/Frameworks",
				);
				MARKETING_VERSION = 1.0.0;
				PRODUCT_BUNDLE_IDENTIFIER = com.huanyou.chungs;
				PRODUCT_NAME = "$(TARGET_NAME)";
				PROVISIONING_PROFILE_SPECIFIER = yuanhui_dis;
				"PROVISIONING_PROFILE_SPECIFIER[sdk=iphoneos*]" = yuanhui_dis;
				SUPPORTED_PLATFORMS = "iphoneos iphonesimulator";
				SUPPORTS_MACCATALYST = NO;
				SUPPORTS_MAC_DESIGNED_FOR_IPHONE_IPAD = NO;
				SUPPORTS_XR_DESIGNED_FOR_IPHONE_IPAD = NO;
				SWIFT_OBJC_BRIDGING_HEADER = "Runner/Runner-Bridging-Header.h";
				SWIFT_VERSION = 5.0;
				TARGETED_DEVICE_FAMILY = 1;
				VERSIONING_SYSTEM = "apple-generic";
			};
			name = Release;
		};
/* End XCBuildConfiguration section */

/* Begin XCConfigurationList section */
		97C146E91CF9000F007C117D /* Build configuration list for PBXProject "Runner" */ = {
			isa = XCConfigurationList;
			buildConfigurations = (
				97C147031CF9000F007C117D /* Debug */,
				97C147041CF9000F007C117D /* Release */,
				249021D3217E4FDB00AE95B9 /* Profile */,
			);
			defaultConfigurationIsVisible = 0;
			defaultConfigurationName = Release;
		};
		97C147051CF9000F007C117D /* Build configuration list for PBXNativeTarget "Runner" */ = {
			isa = XCConfigurationList;
			buildConfigurations = (
				97C147061CF9000F007C117D /* Debug */,
				97C147071CF9000F007C117D /* Release */,
				249021D4217E4FDB00AE95B9 /* Profile */,
			);
			defaultConfigurationIsVisible = 0;
			defaultConfigurationName = Release;
		};
/* End XCConfigurationList section */
	};
	rootObject = 97C146E61CF9000F007C117D /* Project object */;
}
